
Microsoft Visual Studio Solution File, Format Version 12.00
# Visual Studio Version 17
VisualStudioVersion = 17.7.34018.315
MinimumVisualStudioVersion = 10.0.40219.1
Project("{FAE04EC0-301F-11D3-BF4B-00C04F79EFBC}") = "DoXuanTrang211240555_704", "DoXuanTrang211240555_704\DoXuanTrang211240555_704.csproj", "{4586F18B-7FB7-4434-8DCC-EA3DB69AAD19}"
EndProject
Global
	GlobalSection(SolutionConfigurationPlatforms) = preSolution
		Debug|Any CPU = Debug|Any CPU
		Release|Any CPU = Release|Any CPU
	EndGlobalSection
	GlobalSection(ProjectConfigurationPlatforms) = postSolution
		{4586F18B-7FB7-4434-8DCC-EA3DB69AAD19}.Debug|Any CPU.ActiveCfg = Debug|Any CPU
		{4586F18B-7FB7-4434-8DCC-EA3DB69AAD19}.Debug|Any CPU.Build.0 = Debug|Any CPU
		{4586F18B-7FB7-4434-8DCC-EA3DB69AAD19}.Release|Any CPU.ActiveCfg = Release|Any CPU
		{4586F18B-7FB7-4434-8DCC-EA3DB69AAD19}.Release|Any CPU.Build.0 = Release|Any CPU
	EndGlobalSection
	GlobalSection(SolutionProperties) = preSolution
		HideSolutionNode = FALSE
	EndGlobalSection
	GlobalSection(ExtensibilityGlobals) = postSolution
		SolutionGuid = {3EFD27E0-F728-45F2-ACB3-4070F5B18C09}
	EndGlobalSection
EndGlobal
